<?xml version="1.0" encoding="utf-8"?>
<Project ToolsVersion="4.0" xmlns="http://schemas.microsoft.com/developer/msbuild/2003">
  <ItemGroup>
    <Filter Include="Source Files">
      <UniqueIdentifier>{4FC737F1-C7A5-4376-A066-2A32D752A2FF}</UniqueIdentifier>
      <Extensions>cpp;c;cc;cxx;c++;cppm;ixx;def;odl;idl;hpj;bat;asm;asmx</Extensions>
    </Filter>
    <Filter Include="Header Files">
      <UniqueIdentifier>{93995380-89BD-4b04-88EB-625FBE52EBFB}</UniqueIdentifier>
      <Extensions>h;hh;hpp;hxx;h++;hm;inl;inc;ipp;xsd</Extensions>
    </Filter>
    <Filter Include="Resource Files">
      <UniqueIdentifier>{67DA6AB6-F800-4c08-8B7A-83BB121AAD01}</UniqueIdentifier>
      <Extensions>rc;ico;cur;bmp;dlg;rc2;rct;bin;rgs;gif;jpg;jpeg;jpe;resx;tiff;tif;png;wav;mfcribbon-ms</Extensions>
    </Filter>
  </ItemGroup>
  <ItemGroup>
    <ClCompile Include="src\main.cpp">
      <Filter>Source Files</Filter>
    </ClCompile>
    <ClCompile Include="src\ui\handler\KeyboardInputHandler.cpp">
      <Filter>Source Files</Filter>
    </ClCompile>
    <ClCompile Include="src\ui\handler\KeyboardInputUI.cpp">
      <Filter>Source Files</Filter>
    </ClCompile>
    <ClCompile Include="src\exception\FocusNotEnoughException.h">
      <Filter>Source Files</Filter>
    </ClCompile>
    <ClCompile Include="src\entities\entity\Road.h">
      <Filter>Source Files</Filter>
    </ClCompile>
    <ClCompile Include="src\manager\BackpackManager.h">
      <Filter>Source Files</Filter>
    </ClCompile>
  </ItemGroup>
  <ItemGroup>
    <ClInclude Include="src\Test.h">
      <Filter>Header Files</Filter>
    </ClInclude>
    <ClInclude Include="src\manager\GameStateManager.h">
      <Filter>Header Files</Filter>
    </ClInclude>
    <ClInclude Include="src\entities\entity\creature\Player.h">
      <Filter>Header Files</Filter>
    </ClInclude>
    <ClInclude Include="src\entities\entity\Entity.h">
      <Filter>Header Files</Filter>
    </ClInclude>
    <ClInclude Include="src\entities\entity\RandomEvent.h">
      <Filter>Header Files</Filter>
    </ClInclude>
    <ClInclude Include="src\manager\EventManager.h">
      <Filter>Header Files</Filter>
    </ClInclude>
    <ClInclude Include="src\manager\GameManager.h">
      <Filter>Header Files</Filter>
    </ClInclude>
    <ClInclude Include="src\manager\UIManager.h">
      <Filter>Header Files</Filter>
    </ClInclude>
    <ClInclude Include="src\entities\entity\creature\Creature.h">
      <Filter>Header Files</Filter>
    </ClInclude>
    <ClInclude Include="src\structs\Position.h">
      <Filter>Header Files</Filter>
    </ClInclude>
    <ClInclude Include="src\entities\entity\Store.h">
      <Filter>Header Files</Filter>
    </ClInclude>
    <ClInclude Include="src\entities\Effect.h">
      <Filter>Header Files</Filter>
    </ClInclude>
    <ClInclude Include="src\entities\item\equipment\accessory\Accessory.h">
      <Filter>Header Files</Filter>
    </ClInclude>
    <ClInclude Include="src\entities\item\equipment\accessory\Bracelet.h">
      <Filter>Header Files</Filter>
    </ClInclude>
    <ClInclude Include="src\entities\item\equipment\accessory\HolyGrail.h">
      <Filter>Header Files</Filter>
    </ClInclude>
    <ClInclude Include="src\entities\item\equipment\accessory\Shoes.h">
      <Filter>Header Files</Filter>
    </ClInclude>
    <ClInclude Include="src\entities\item\equipment\armor\Armor.h">
      <Filter>Header Files</Filter>
    </ClInclude>
    <ClInclude Include="src\entities\item\equipment\armor\LaurelWreath.h">
      <Filter>Header Files</Filter>
    </ClInclude>
    <ClInclude Include="src\entities\item\equipment\armor\LeatherArmor.h">
      <Filter>Header Files</Filter>
    </ClInclude>
    <ClInclude Include="src\entities\item\equipment\armor\PlateArmor.h">
      <Filter>Header Files</Filter>
    </ClInclude>
    <ClInclude Include="src\entities\item\equipment\armor\Robe.h">
      <Filter>Header Files</Filter>
    </ClInclude>
    <ClInclude Include="src\entities\item\equipment\armor\WoodenShield.h">
      <Filter>Header Files</Filter>
    </ClInclude>
    <ClInclude Include="src\entities\item\equipment\Equipment.h">
      <Filter>Header Files</Filter>
    </ClInclude>
    <ClInclude Include="src\entities\item\equipment\weapon\GiantHammer.h">
      <Filter>Header Files</Filter>
    </ClInclude>
    <ClInclude Include="src\entities\item\equipment\weapon\Hammer.h">
      <Filter>Header Files</Filter>
    </ClInclude>
    <ClInclude Include="src\entities\item\equipment\weapon\MagicWand.h">
      <Filter>Header Files</Filter>
    </ClInclude>
    <ClInclude Include="src\entities\item\equipment\weapon\RitualSword.h">
      <Filter>Header Files</Filter>
    </ClInclude>
    <ClInclude Include="src\entities\item\equipment\weapon\Weapon.h">
      <Filter>Header Files</Filter>
    </ClInclude>
    <ClInclude Include="src\entities\item\equipment\weapon\WoodenSword.h">
      <Filter>Header Files</Filter>
    </ClInclude>
    <ClInclude Include="src\entities\item\Item.h">
      <Filter>Header Files</Filter>
    </ClInclude>
    <ClInclude Include="src\exception\ItemNotEnoughException.h">
      <Filter>Header Files</Filter>
    </ClInclude>
    <ClInclude Include="src\exception\MoneyNotEnoughException.h">
      <Filter>Header Files</Filter>
    </ClInclude>
    <ClInclude Include="src\exception\UnImplementException.h">
      <Filter>Header Files</Filter>
    </ClInclude>
    <ClInclude Include="src\enum\EquipmentType.h">
      <Filter>Header Files</Filter>
    </ClInclude>
    <ClInclude Include="src\utils\EffectUtil.h">
      <Filter>Header Files</Filter>
    </ClInclude>
    <ClInclude Include="src\utils\VectorUtil.h">
      <Filter>Header Files</Filter>
    </ClInclude>
    <ClInclude Include="src\structs\EffectData.h">
      <Filter>Header Files</Filter>
    </ClInclude>
    <ClInclude Include="src\manager\Singleton.h">
      <Filter>Header Files</Filter>
    </ClInclude>
    <ClInclude Include="src\entities\entity\Wall.h">
      <Filter>Header Files</Filter>
    </ClInclude>
    <ClInclude Include="src\utils\StringUtil.h">
      <Filter>Header Files</Filter>
    </ClInclude>
    <ClInclude Include="src\ui\handler\KeyboardInputHandler.h">
      <Filter>Header Files</Filter>
    </ClInclude>
    <ClInclude Include="src\ui\handler\KeyboardInputUI.h">
      <Filter>Header Files</Filter>
    </ClInclude>
    <ClInclude Include="src\enum\EventType.h">
      <Filter>Header Files</Filter>
    </ClInclude>
    <ClInclude Include="src\entities\Board.h">
      <Filter>Header Files</Filter>
    </ClInclude>
    <ClInclude Include="src\factory\EquipFactory.h">
      <Filter>Header Files</Filter>
    </ClInclude>
    <ClInclude Include="src\utils\MapUtil.h">
      <Filter>Header Files</Filter>
    </ClInclude>
    <ClInclude Include="src\exception\ElementNotFoundException.h">
      <Filter>Header Files</Filter>
    </ClInclude>
    <ClInclude Include="src\enum\InteractiveType.h">
      <Filter>Header Files</Filter>
    </ClInclude>
    <ClInclude Include="src\ui\modal\BagModal.h">
      <Filter>Header Files</Filter>
    </ClInclude>
    <ClInclude Include="src\ui\GameColumn.h">
      <Filter>Header Files</Filter>
    </ClInclude>
    <ClInclude Include="src\ui\MainScreen.h">
      <Filter>Header Files</Filter>
    </ClInclude>
    <ClInclude Include="src\ui\MapArea.h">
      <Filter>Header Files</Filter>
    </ClInclude>
    <ClInclude Include="src\ui\PlayerRow.h">
      <Filter>Header Files</Filter>
    </ClInclude>
    <ClInclude Include="src\ui\modal\StoreModal.h">
      <Filter>Header Files</Filter>
    </ClInclude>
    <ClInclude Include="src\entities\item\Godsbeard.h">
      <Filter>Header Files</Filter>
    </ClInclude>
    <ClInclude Include="src\entities\item\GoldenRoot.h">
      <Filter>Header Files</Filter>
    </ClInclude>
    <ClInclude Include="src\entities\item\TeleportScroll.h">
      <Filter>Header Files</Filter>
    </ClInclude>
    <ClInclude Include="src\entities\item\Tent.h">
      <Filter>Header Files</Filter>
    </ClInclude>
  </ItemGroup>
</Project>